
Microsoft Visual Studio Solution File, Format Version 12.00
# Visual Studio Version 16
VisualStudioVersion = 16.0.31702.278
MinimumVisualStudioVersion = 10.0.40219.1
Project("{9A19103F-16F7-4668-BE54-9A1E7A4F7556}") = "OpsPipelineAPI", "OpsPipeline\OpsPipelineAPI.csproj", "{61508D9E-E1E0-4654-9034-1864261AD465}"
EndProject
Project("{9A19103F-16F7-4668-BE54-9A1E7A4F7556}") = "OpsPipelineAPI.Manager", "OpsPipeline.Manager\OpsPipelineAPI.Manager.csproj", "{7501DC94-ECB6-4EB4-B8E1-7023A99FD1DF}"
EndProject
Project("{9A19103F-16F7-4668-BE54-9A1E7A4F7556}") = "OpsPipelineAPI.Repository", "OpsPipeline.Repository\OpsPipelineAPI.Repository.csproj", "{46705F48-1833-4399-8FBE-CDEA02D3F44F}"
EndProject
Project("{9A19103F-16F7-4668-BE54-9A1E7A4F7556}") = "OpsPipelineAPI.Utilities", "OpsPipeline.Utilities\OpsPipelineAPI.Utilities.csproj", "{8CA2B52A-F3FA-419B-B761-7344456B5F0F}"
EndProject
Project("{9A19103F-16F7-4668-BE54-9A1E7A4F7556}") = "OpsPipelineAPI.Entities", "OpsPipelineAPI.Entities\OpsPipelineAPI.Entities.csproj", "{2259C41C-8891-42FA-BC97-0C5EAAF67747}"
EndProject
Global
	GlobalSection(SolutionConfigurationPlatforms) = preSolution
		Debug|Any CPU = Debug|Any CPU
		Release|Any CPU = Release|Any CPU
	EndGlobalSection
	GlobalSection(ProjectConfigurationPlatforms) = postSolution
		{61508D9E-E1E0-4654-9034-1864261AD465}.Debug|Any CPU.ActiveCfg = Debug|Any CPU
		{61508D9E-E1E0-4654-9034-1864261AD465}.Debug|Any CPU.Build.0 = Debug|Any CPU
		{61508D9E-E1E0-4654-9034-1864261AD465}.Release|Any CPU.ActiveCfg = Release|Any CPU
		{61508D9E-E1E0-4654-9034-1864261AD465}.Release|Any CPU.Build.0 = Release|Any CPU
		{7501DC94-ECB6-4EB4-B8E1-7023A99FD1DF}.Debug|Any CPU.ActiveCfg = Debug|Any CPU
		{7501DC94-ECB6-4EB4-B8E1-7023A99FD1DF}.Debug|Any CPU.Build.0 = Debug|Any CPU
		{7501DC94-ECB6-4EB4-B8E1-7023A99FD1DF}.Release|Any CPU.ActiveCfg = Release|Any CPU
		{7501DC94-ECB6-4EB4-B8E1-7023A99FD1DF}.Release|Any CPU.Build.0 = Release|Any CPU
		{46705F48-1833-4399-8FBE-CDEA02D3F44F}.Debug|Any CPU.ActiveCfg = Debug|Any CPU
		{46705F48-1833-4399-8FBE-CDEA02D3F44F}.Debug|Any CPU.Build.0 = Debug|Any CPU
		{46705F48-1833-4399-8FBE-CDEA02D3F44F}.Release|Any CPU.ActiveCfg = Release|Any CPU
		{46705F48-1833-4399-8FBE-CDEA02D3F44F}.Release|Any CPU.Build.0 = Release|Any CPU
		{8CA2B52A-F3FA-419B-B761-7344456B5F0F}.Debug|Any CPU.ActiveCfg = Debug|Any CPU
		{8CA2B52A-F3FA-419B-B761-7344456B5F0F}.Debug|Any CPU.Build.0 = Debug|Any CPU
		{8CA2B52A-F3FA-419B-B761-7344456B5F0F}.Release|Any CPU.ActiveCfg = Release|Any CPU
		{8CA2B52A-F3FA-419B-B761-7344456B5F0F}.Release|Any CPU.Build.0 = Release|Any CPU
		{2259C41C-8891-42FA-BC97-0C5EAAF67747}.Debug|Any CPU.ActiveCfg = Debug|Any CPU
		{2259C41C-8891-42FA-BC97-0C5EAAF67747}.Debug|Any CPU.Build.0 = Debug|Any CPU
		{2259C41C-8891-42FA-BC97-0C5EAAF67747}.Release|Any CPU.ActiveCfg = Release|Any CPU
		{2259C41C-8891-42FA-BC97-0C5EAAF67747}.Release|Any CPU.Build.0 = Release|Any CPU
	EndGlobalSection
	GlobalSection(SolutionProperties) = preSolution
		HideSolutionNode = FALSE
	EndGlobalSection
	GlobalSection(ExtensibilityGlobals) = postSolution
		SolutionGuid = {AF38CDBA-E705-43EF-AF6A-DAEE0FAF6697}
	EndGlobalSection
EndGlobal
